
Microsoft Visual Studio Solution File, Format Version 12.00
# Visual Studio Version 17
VisualStudioVersion = 17.10.35013.160
MinimumVisualStudioVersion = 10.0.40219.1
Project("{FAE04EC0-301F-11D3-BF4B-00C04F79EFBC}") = "RemoveWord1", "RemoveWord1\RemoveWord1.csproj", "{EA3D2023-D56B-439E-AC8B-0DE7181FFC69}"
EndProject
Global
	GlobalSection(SolutionConfigurationPlatforms) = preSolution
		Debug|Any CPU = Debug|Any CPU
		Release|Any CPU = Release|Any CPU
	EndGlobalSection
	GlobalSection(ProjectConfigurationPlatforms) = postSolution
		{EA3D2023-D56B-439E-AC8B-0DE7181FFC69}.Debug|Any CPU.ActiveCfg = Debug|Any CPU
		{EA3D2023-D56B-439E-AC8B-0DE7181FFC69}.Debug|Any CPU.Build.0 = Debug|Any CPU
		{EA3D2023-D56B-439E-AC8B-0DE7181FFC69}.Release|Any CPU.ActiveCfg = Release|Any CPU
		{EA3D2023-D56B-439E-AC8B-0DE7181FFC69}.Release|Any CPU.Build.0 = Release|Any CPU
	EndGlobalSection
	GlobalSection(SolutionProperties) = preSolution
		HideSolutionNode = FALSE
	EndGlobalSection
	GlobalSection(ExtensibilityGlobals) = postSolution
		SolutionGuid = {5ED65586-7728-4C1D-8ADB-CE603C46845A}
	EndGlobalSection
EndGlobal
